// !$*UTF8*$!
{
	archiveVersion = 1;
	classes = {
	};
	objectVersion = 56;
	objects = {

/* Begin PBXBuildFile section */
		F209F7A62B0F08C6001BC092 /* PetOwner.swift in Sources */ = {isa = PBXBuildFile; fileRef = F209F7A52B0F08C6001BC092 /* PetOwner.swift */; };
		F209F7A92B0F093F001BC092 /* AuthViewModel.swift in Sources */ = {isa = PBXBuildFile; fileRef = F209F7A82B0F093F001BC092 /* AuthViewModel.swift */; };
		F21411502B007CC9003090FB /* SpottedApp.swift in Sources */ = {isa = PBXBuildFile; fileRef = F214114F2B007CC9003090FB /* SpottedApp.swift */; };
		F21411522B007CC9003090FB /* ContentView.swift in Sources */ = {isa = PBXBuildFile; fileRef = F21411512B007CC9003090FB /* ContentView.swift */; };
		F21411542B007CCE003090FB /* Assets.xcassets in Resources */ = {isa = PBXBuildFile; fileRef = F21411532B007CCE003090FB /* Assets.xcassets */; };
		F21411572B007CCE003090FB /* Preview Assets.xcassets in Resources */ = {isa = PBXBuildFile; fileRef = F21411562B007CCE003090FB /* Preview Assets.xcassets */; };
		F225CA942B05362600796623 /* GoogleService-Info.plist in Resources */ = {isa = PBXBuildFile; fileRef = F225CA932B05362600796623 /* GoogleService-Info.plist */; };
		F225CAB82B05465500796623 /* SignUpView.swift in Sources */ = {isa = PBXBuildFile; fileRef = F225CAB72B05465500796623 /* SignUpView.swift */; };
		F225CABA2B05466400796623 /* LogInView.swift in Sources */ = {isa = PBXBuildFile; fileRef = F225CAB92B05466400796623 /* LogInView.swift */; };
		F807446C2B0E4B5D00599788 /* Landmark.swift in Sources */ = {isa = PBXBuildFile; fileRef = F807446B2B0E4B5D00599788 /* Landmark.swift */; };
		F807446E2B0E4B7400599788 /* LandmarkDetailsView.swift in Sources */ = {isa = PBXBuildFile; fileRef = F807446D2B0E4B7400599788 /* LandmarkDetailsView.swift */; };
		F80744702B0E4BAB00599788 /* LocalSearchService.swift in Sources */ = {isa = PBXBuildFile; fileRef = F807446F2B0E4BAB00599788 /* LocalSearchService.swift */; };
		F81D77452B05A557006E1B25 /* LocationManager.swift in Sources */ = {isa = PBXBuildFile; fileRef = F81D77442B05A557006E1B25 /* LocationManager.swift */; };
		F81D774A2B05A849006E1B25 /* AccountView.swift in Sources */ = {isa = PBXBuildFile; fileRef = F81D77492B05A849006E1B25 /* AccountView.swift */; };
		F81D774C2B05A888006E1B25 /* ActivityView.swift in Sources */ = {isa = PBXBuildFile; fileRef = F81D774B2B05A888006E1B25 /* ActivityView.swift */; };
		F844574E2B0537F200CEA86F /* FirebaseAnalytics in Frameworks */ = {isa = PBXBuildFile; productRef = F844574D2B0537F200CEA86F /* FirebaseAnalytics */; };
		F84457502B0537F200CEA86F /* FirebaseAnalyticsOnDeviceConversion in Frameworks */ = {isa = PBXBuildFile; productRef = F844574F2B0537F200CEA86F /* FirebaseAnalyticsOnDeviceConversion */; };
		F84457522B0537F200CEA86F /* FirebaseAnalyticsSwift in Frameworks */ = {isa = PBXBuildFile; productRef = F84457512B0537F200CEA86F /* FirebaseAnalyticsSwift */; };
		F84457542B0537F200CEA86F /* FirebaseAnalyticsWithoutAdIdSupport in Frameworks */ = {isa = PBXBuildFile; productRef = F84457532B0537F200CEA86F /* FirebaseAnalyticsWithoutAdIdSupport */; };
		F84457562B0537F200CEA86F /* FirebaseAppCheck in Frameworks */ = {isa = PBXBuildFile; productRef = F84457552B0537F200CEA86F /* FirebaseAppCheck */; };
		F84457582B0537F200CEA86F /* FirebaseAppDistribution-Beta in Frameworks */ = {isa = PBXBuildFile; productRef = F84457572B0537F200CEA86F /* FirebaseAppDistribution-Beta */; };
		F844575A2B0537F200CEA86F /* FirebaseAuth in Frameworks */ = {isa = PBXBuildFile; productRef = F84457592B0537F200CEA86F /* FirebaseAuth */; };
		F844575C2B0537F200CEA86F /* FirebaseAuthCombine-Community in Frameworks */ = {isa = PBXBuildFile; productRef = F844575B2B0537F200CEA86F /* FirebaseAuthCombine-Community */; };
		F844575E2B0537F200CEA86F /* FirebaseCrashlytics in Frameworks */ = {isa = PBXBuildFile; productRef = F844575D2B0537F200CEA86F /* FirebaseCrashlytics */; };
		F84457602B0537F200CEA86F /* FirebaseDatabase in Frameworks */ = {isa = PBXBuildFile; productRef = F844575F2B0537F200CEA86F /* FirebaseDatabase */; };
		F84457622B0537F200CEA86F /* FirebaseDatabaseSwift in Frameworks */ = {isa = PBXBuildFile; productRef = F84457612B0537F200CEA86F /* FirebaseDatabaseSwift */; };
		F84457642B0537F200CEA86F /* FirebaseDynamicLinks in Frameworks */ = {isa = PBXBuildFile; productRef = F84457632B0537F200CEA86F /* FirebaseDynamicLinks */; };
		F84457662B0537F200CEA86F /* FirebaseFirestore in Frameworks */ = {isa = PBXBuildFile; productRef = F84457652B0537F200CEA86F /* FirebaseFirestore */; };
		F84457682B0537F200CEA86F /* FirebaseFirestoreCombine-Community in Frameworks */ = {isa = PBXBuildFile; productRef = F84457672B0537F200CEA86F /* FirebaseFirestoreCombine-Community */; };
		F844576A2B0537F200CEA86F /* FirebaseFirestoreSwift in Frameworks */ = {isa = PBXBuildFile; productRef = F84457692B0537F200CEA86F /* FirebaseFirestoreSwift */; };
		F844576C2B0537F200CEA86F /* FirebaseFunctions in Frameworks */ = {isa = PBXBuildFile; productRef = F844576B2B0537F200CEA86F /* FirebaseFunctions */; };
		F844576E2B0537F200CEA86F /* FirebaseFunctionsCombine-Community in Frameworks */ = {isa = PBXBuildFile; productRef = F844576D2B0537F200CEA86F /* FirebaseFunctionsCombine-Community */; };
		F84457702B0537F200CEA86F /* FirebaseInAppMessaging-Beta in Frameworks */ = {isa = PBXBuildFile; productRef = F844576F2B0537F200CEA86F /* FirebaseInAppMessaging-Beta */; };
		F84457722B0537F200CEA86F /* FirebaseInAppMessagingSwift-Beta in Frameworks */ = {isa = PBXBuildFile; productRef = F84457712B0537F200CEA86F /* FirebaseInAppMessagingSwift-Beta */; };
		F84457742B0537F200CEA86F /* FirebaseInstallations in Frameworks */ = {isa = PBXBuildFile; productRef = F84457732B0537F200CEA86F /* FirebaseInstallations */; };
		F84457762B0537F200CEA86F /* FirebaseMLModelDownloader in Frameworks */ = {isa = PBXBuildFile; productRef = F84457752B0537F200CEA86F /* FirebaseMLModelDownloader */; };
		F84457782B0537F200CEA86F /* FirebaseMessaging in Frameworks */ = {isa = PBXBuildFile; productRef = F84457772B0537F200CEA86F /* FirebaseMessaging */; };
		F844577A2B0537F200CEA86F /* FirebasePerformance in Frameworks */ = {isa = PBXBuildFile; productRef = F84457792B0537F200CEA86F /* FirebasePerformance */; };
		F844577C2B0537F200CEA86F /* FirebaseRemoteConfig in Frameworks */ = {isa = PBXBuildFile; productRef = F844577B2B0537F200CEA86F /* FirebaseRemoteConfig */; };
		F844577E2B0537F200CEA86F /* FirebaseRemoteConfigSwift in Frameworks */ = {isa = PBXBuildFile; productRef = F844577D2B0537F200CEA86F /* FirebaseRemoteConfigSwift */; };
		F84457802B0537F200CEA86F /* FirebaseStorage in Frameworks */ = {isa = PBXBuildFile; productRef = F844577F2B0537F200CEA86F /* FirebaseStorage */; };
		F84457822B0537F200CEA86F /* FirebaseStorageCombine-Community in Frameworks */ = {isa = PBXBuildFile; productRef = F84457812B0537F200CEA86F /* FirebaseStorageCombine-Community */; };
		F84457852B053BA500CEA86F /* MapView.swift in Sources */ = {isa = PBXBuildFile; fileRef = F84457842B053BA500CEA86F /* MapView.swift */; };
/* End PBXBuildFile section */

/* Begin PBXFileReference section */
		F209F7A52B0F08C6001BC092 /* PetOwner.swift */ = {isa = PBXFileReference; lastKnownFileType = sourcecode.swift; path = PetOwner.swift; sourceTree = "<group>"; };
		F209F7A82B0F093F001BC092 /* AuthViewModel.swift */ = {isa = PBXFileReference; lastKnownFileType = sourcecode.swift; path = AuthViewModel.swift; sourceTree = "<group>"; };
		F214114C2B007CC9003090FB /* Spotted.app */ = {isa = PBXFileReference; explicitFileType = wrapper.application; includeInIndex = 0; path = Spotted.app; sourceTree = BUILT_PRODUCTS_DIR; };
		F214114F2B007CC9003090FB /* SpottedApp.swift */ = {isa = PBXFileReference; lastKnownFileType = sourcecode.swift; path = SpottedApp.swift; sourceTree = "<group>"; };
		F21411512B007CC9003090FB /* ContentView.swift */ = {isa = PBXFileReference; lastKnownFileType = sourcecode.swift; path = ContentView.swift; sourceTree = "<group>"; };
		F21411532B007CCE003090FB /* Assets.xcassets */ = {isa = PBXFileReference; lastKnownFileType = folder.assetcatalog; path = Assets.xcassets; sourceTree = "<group>"; };
		F21411562B007CCE003090FB /* Preview Assets.xcassets */ = {isa = PBXFileReference; lastKnownFileType = folder.assetcatalog; path = "Preview Assets.xcassets"; sourceTree = "<group>"; };
		F225CA932B05362600796623 /* GoogleService-Info.plist */ = {isa = PBXFileReference; fileEncoding = 4; lastKnownFileType = text.plist.xml; path = "GoogleService-Info.plist"; sourceTree = "<group>"; };
		F225CAB72B05465500796623 /* SignUpView.swift */ = {isa = PBXFileReference; lastKnownFileType = sourcecode.swift; path = SignUpView.swift; sourceTree = "<group>"; };
		F225CAB92B05466400796623 /* LogInView.swift */ = {isa = PBXFileReference; lastKnownFileType = sourcecode.swift; path = LogInView.swift; sourceTree = "<group>"; };
		F807446B2B0E4B5D00599788 /* Landmark.swift */ = {isa = PBXFileReference; lastKnownFileType = sourcecode.swift; path = Landmark.swift; sourceTree = "<group>"; };
		F807446D2B0E4B7400599788 /* LandmarkDetailsView.swift */ = {isa = PBXFileReference; lastKnownFileType = sourcecode.swift; path = LandmarkDetailsView.swift; sourceTree = "<group>"; };
		F807446F2B0E4BAB00599788 /* LocalSearchService.swift */ = {isa = PBXFileReference; lastKnownFileType = sourcecode.swift; path = LocalSearchService.swift; sourceTree = "<group>"; };
		F81D77442B05A557006E1B25 /* LocationManager.swift */ = {isa = PBXFileReference; lastKnownFileType = sourcecode.swift; path = LocationManager.swift; sourceTree = "<group>"; };
		F81D77492B05A849006E1B25 /* AccountView.swift */ = {isa = PBXFileReference; lastKnownFileType = sourcecode.swift; path = AccountView.swift; sourceTree = "<group>"; };
		F81D774B2B05A888006E1B25 /* ActivityView.swift */ = {isa = PBXFileReference; lastKnownFileType = sourcecode.swift; path = ActivityView.swift; sourceTree = "<group>"; };
		F84457842B053BA500CEA86F /* MapView.swift */ = {isa = PBXFileReference; lastKnownFileType = sourcecode.swift; path = MapView.swift; sourceTree = "<group>"; };
/* End PBXFileReference section */

/* Begin PBXFrameworksBuildPhase section */
		F21411492B007CC9003090FB /* Frameworks */ = {
			isa = PBXFrameworksBuildPhase;
			buildActionMask = 2147483647;
			files = (
				F84457602B0537F200CEA86F /* FirebaseDatabase in Frameworks */,
				F844576E2B0537F200CEA86F /* FirebaseFunctionsCombine-Community in Frameworks */,
				F84457662B0537F200CEA86F /* FirebaseFirestore in Frameworks */,
				F84457522B0537F200CEA86F /* FirebaseAnalyticsSwift in Frameworks */,
				F844574E2B0537F200CEA86F /* FirebaseAnalytics in Frameworks */,
				F84457502B0537F200CEA86F /* FirebaseAnalyticsOnDeviceConversion in Frameworks */,
				F84457762B0537F200CEA86F /* FirebaseMLModelDownloader in Frameworks */,
				F844576A2B0537F200CEA86F /* FirebaseFirestoreSwift in Frameworks */,
				F84457562B0537F200CEA86F /* FirebaseAppCheck in Frameworks */,
				F84457542B0537F200CEA86F /* FirebaseAnalyticsWithoutAdIdSupport in Frameworks */,
				F844575A2B0537F200CEA86F /* FirebaseAuth in Frameworks */,
				F844575E2B0537F200CEA86F /* FirebaseCrashlytics in Frameworks */,
				F844577E2B0537F200CEA86F /* FirebaseRemoteConfigSwift in Frameworks */,
				F84457702B0537F200CEA86F /* FirebaseInAppMessaging-Beta in Frameworks */,
				F84457622B0537F200CEA86F /* FirebaseDatabaseSwift in Frameworks */,
				F844576C2B0537F200CEA86F /* FirebaseFunctions in Frameworks */,
				F84457822B0537F200CEA86F /* FirebaseStorageCombine-Community in Frameworks */,
				F844577C2B0537F200CEA86F /* FirebaseRemoteConfig in Frameworks */,
				F84457582B0537F200CEA86F /* FirebaseAppDistribution-Beta in Frameworks */,
				F844575C2B0537F200CEA86F /* FirebaseAuthCombine-Community in Frameworks */,
				F844577A2B0537F200CEA86F /* FirebasePerformance in Frameworks */,
				F84457722B0537F200CEA86F /* FirebaseInAppMessagingSwift-Beta in Frameworks */,
				F84457802B0537F200CEA86F /* FirebaseStorage in Frameworks */,
				F84457642B0537F200CEA86F /* FirebaseDynamicLinks in Frameworks */,
				F84457682B0537F200CEA86F /* FirebaseFirestoreCombine-Community in Frameworks */,
				F84457782B0537F200CEA86F /* FirebaseMessaging in Frameworks */,
				F84457742B0537F200CEA86F /* FirebaseInstallations in Frameworks */,
			);
			runOnlyForDeploymentPostprocessing = 0;
		};
/* End PBXFrameworksBuildPhase section */

/* Begin PBXGroup section */
		F209F7A72B0F0915001BC092 /* ViewModels */ = {
			isa = PBXGroup;
			children = (
				F209F7A82B0F093F001BC092 /* AuthViewModel.swift */,
			);
			path = ViewModels;
			sourceTree = "<group>";
		};
		F21411432B007CC9003090FB = {
			isa = PBXGroup;
			children = (
				F214114E2B007CC9003090FB /* Spotted */,
				F214114D2B007CC9003090FB /* Products */,
			);
			sourceTree = "<group>";
		};
		F214114D2B007CC9003090FB /* Products */ = {
			isa = PBXGroup;
			children = (
				F214114C2B007CC9003090FB /* Spotted.app */,
			);
			name = Products;
			sourceTree = "<group>";
		};
		F214114E2B007CC9003090FB /* Spotted */ = {
			isa = PBXGroup;
			children = (
				F209F7A72B0F0915001BC092 /* ViewModels */,
				F807446A2B0E4B5100599788 /* Models */,
				F225CAB62B05464100796623 /* Views */,
				F214114F2B007CC9003090FB /* SpottedApp.swift */,
				F225CA932B05362600796623 /* GoogleService-Info.plist */,
				F21411532B007CCE003090FB /* Assets.xcassets */,
				F21411552B007CCE003090FB /* Preview Content */,
				F81D77442B05A557006E1B25 /* LocationManager.swift */,
				F807446F2B0E4BAB00599788 /* LocalSearchService.swift */,
			);
			path = Spotted;
			sourceTree = "<group>";
		};
		F21411552B007CCE003090FB /* Preview Content */ = {
			isa = PBXGroup;
			children = (
				F21411562B007CCE003090FB /* Preview Assets.xcassets */,
			);
			path = "Preview Content";
			sourceTree = "<group>";
		};
		F225CAB62B05464100796623 /* Views */ = {
			isa = PBXGroup;
			children = (
				F21411512B007CC9003090FB /* ContentView.swift */,
				F84457842B053BA500CEA86F /* MapView.swift */,
				F225CAB72B05465500796623 /* SignUpView.swift */,
				F225CAB92B05466400796623 /* LogInView.swift */,
				F81D77492B05A849006E1B25 /* AccountView.swift */,
				F81D774B2B05A888006E1B25 /* ActivityView.swift */,
				F807446D2B0E4B7400599788 /* LandmarkDetailsView.swift */,
			);
			path = Views;
			sourceTree = "<group>";
		};
		F807446A2B0E4B5100599788 /* Models */ = {
			isa = PBXGroup;
			children = (
				F807446B2B0E4B5D00599788 /* Landmark.swift */,
				F209F7A52B0F08C6001BC092 /* PetOwner.swift */,
			);
			path = Models;
			sourceTree = "<group>";
		};
/* End PBXGroup section */

/* Begin PBXNativeTarget section */
		F214114B2B007CC9003090FB /* Spotted */ = {
			isa = PBXNativeTarget;
			buildConfigurationList = F214115A2B007CCE003090FB /* Build configuration list for PBXNativeTarget "Spotted" */;
			buildPhases = (
				F21411482B007CC9003090FB /* Sources */,
				F21411492B007CC9003090FB /* Frameworks */,
				F214114A2B007CC9003090FB /* Resources */,
			);
			buildRules = (
			);
			dependencies = (
			);
			name = Spotted;
			packageProductDependencies = (
				F844574D2B0537F200CEA86F /* FirebaseAnalytics */,
				F844574F2B0537F200CEA86F /* FirebaseAnalyticsOnDeviceConversion */,
				F84457512B0537F200CEA86F /* FirebaseAnalyticsSwift */,
				F84457532B0537F200CEA86F /* FirebaseAnalyticsWithoutAdIdSupport */,
				F84457552B0537F200CEA86F /* FirebaseAppCheck */,
				F84457572B0537F200CEA86F /* FirebaseAppDistribution-Beta */,
				F84457592B0537F200CEA86F /* FirebaseAuth */,
				F844575B2B0537F200CEA86F /* FirebaseAuthCombine-Community */,
				F844575D2B0537F200CEA86F /* FirebaseCrashlytics */,
				F844575F2B0537F200CEA86F /* FirebaseDatabase */,
				F84457612B0537F200CEA86F /* FirebaseDatabaseSwift */,
				F84457632B0537F200CEA86F /* FirebaseDynamicLinks */,
				F84457652B0537F200CEA86F /* FirebaseFirestore */,
				F84457672B0537F200CEA86F /* FirebaseFirestoreCombine-Community */,
				F84457692B0537F200CEA86F /* FirebaseFirestoreSwift */,
				F844576B2B0537F200CEA86F /* FirebaseFunctions */,
				F844576D2B0537F200CEA86F /* FirebaseFunctionsCombine-Community */,
				F844576F2B0537F200CEA86F /* FirebaseInAppMessaging-Beta */,
				F84457712B0537F200CEA86F /* FirebaseInAppMessagingSwift-Beta */,
				F84457732B0537F200CEA86F /* FirebaseInstallations */,
				F84457752B0537F200CEA86F /* FirebaseMLModelDownloader */,
				F84457772B0537F200CEA86F /* FirebaseMessaging */,
				F84457792B0537F200CEA86F /* FirebasePerformance */,
				F844577B2B0537F200CEA86F /* FirebaseRemoteConfig */,
				F844577D2B0537F200CEA86F /* FirebaseRemoteConfigSwift */,
				F844577F2B0537F200CEA86F /* FirebaseStorage */,
				F84457812B0537F200CEA86F /* FirebaseStorageCombine-Community */,
			);
			productName = Spotted;
			productReference = F214114C2B007CC9003090FB /* Spotted.app */;
			productType = "com.apple.product-type.application";
		};
/* End PBXNativeTarget section */

/* Begin PBXProject section */
		F21411442B007CC9003090FB /* Project object */ = {
			isa = PBXProject;
			attributes = {
				BuildIndependentTargetsInParallel = 1;
				LastSwiftUpdateCheck = 1500;
				LastUpgradeCheck = 1500;
				TargetAttributes = {
					F214114B2B007CC9003090FB = {
						CreatedOnToolsVersion = 15.0.1;
					};
				};
			};
			buildConfigurationList = F21411472B007CC9003090FB /* Build configuration list for PBXProject "Spotted" */;
			compatibilityVersion = "Xcode 14.0";
			developmentRegion = en;
			hasScannedForEncodings = 0;
			knownRegions = (
				en,
				Base,
			);
			mainGroup = F21411432B007CC9003090FB;
			packageReferences = (
				F844574C2B0537F200CEA86F /* XCRemoteSwiftPackageReference "firebase-ios-sdk" */,
			);
			productRefGroup = F214114D2B007CC9003090FB /* Products */;
			projectDirPath = "";
			projectRoot = "";
			targets = (
				F214114B2B007CC9003090FB /* Spotted */,
			);
		};
/* End PBXProject section */

/* Begin PBXResourcesBuildPhase section */
		F214114A2B007CC9003090FB /* Resources */ = {
			isa = PBXResourcesBuildPhase;
			buildActionMask = 2147483647;
			files = (
				F21411572B007CCE003090FB /* Preview Assets.xcassets in Resources */,
				F21411542B007CCE003090FB /* Assets.xcassets in Resources */,
				F225CA942B05362600796623 /* GoogleService-Info.plist in Resources */,
			);
			runOnlyForDeploymentPostprocessing = 0;
		};
/* End PBXResourcesBuildPhase section */

/* Begin PBXSourcesBuildPhase section */
		F21411482B007CC9003090FB /* Sources */ = {
			isa = PBXSourcesBuildPhase;
			buildActionMask = 2147483647;
			files = (
				F225CABA2B05466400796623 /* LogInView.swift in Sources */,
				F225CAB82B05465500796623 /* SignUpView.swift in Sources */,
				F81D77452B05A557006E1B25 /* LocationManager.swift in Sources */,
				F807446E2B0E4B7400599788 /* LandmarkDetailsView.swift in Sources */,
				F21411522B007CC9003090FB /* ContentView.swift in Sources */,
				F81D774A2B05A849006E1B25 /* AccountView.swift in Sources */,
				F807446C2B0E4B5D00599788 /* Landmark.swift in Sources */,
				F81D774C2B05A888006E1B25 /* ActivityView.swift in Sources */,
				F80744702B0E4BAB00599788 /* LocalSearchService.swift in Sources */,
				F209F7A62B0F08C6001BC092 /* PetOwner.swift in Sources */,
				F84457852B053BA500CEA86F /* MapView.swift in Sources */,
				F209F7A92B0F093F001BC092 /* AuthViewModel.swift in Sources */,
				F21411502B007CC9003090FB /* SpottedApp.swift in Sources */,
			);
			runOnlyForDeploymentPostprocessing = 0;
		};
/* End PBXSourcesBuildPhase section */

/* Begin XCBuildConfiguration section */
		F21411582B007CCE003090FB /* Debug */ = {
			isa = XCBuildConfiguration;
			buildSettings = {
				ALWAYS_SEARCH_USER_PATHS = NO;
				ASSETCATALOG_COMPILER_GENERATE_SWIFT_ASSET_SYMBOL_EXTENSIONS = YES;
				CLANG_ANALYZER_NONNULL = YES;
				CLANG_ANALYZER_NUMBER_OBJECT_CONVERSION = YES_AGGRESSIVE;
				CLANG_CXX_LANGUAGE_STANDARD = "gnu++20";
				CLANG_ENABLE_MODULES = YES;
				CLANG_ENABLE_OBJC_ARC = YES;
				CLANG_ENABLE_OBJC_WEAK = YES;
				CLANG_WARN_BLOCK_CAPTURE_AUTORELEASING = YES;
				CLANG_WARN_BOOL_CONVERSION = YES;
				CLANG_WARN_COMMA = YES;
				CLANG_WARN_CONSTANT_CONVERSION = YES;
				CLANG_WARN_DEPRECATED_OBJC_IMPLEMENTATIONS = YES;
				CLANG_WARN_DIRECT_OBJC_ISA_USAGE = YES_ERROR;
				CLANG_WARN_DOCUMENTATION_COMMENTS = YES;
				CLANG_WARN_EMPTY_BODY = YES;
				CLANG_WARN_ENUM_CONVERSION = YES;
				CLANG_WARN_INFINITE_RECURSION = YES;
				CLANG_WARN_INT_CONVERSION = YES;
				CLANG_WARN_NON_LITERAL_NULL_CONVERSION = YES;
				CLANG_WARN_OBJC_IMPLICIT_RETAIN_SELF = YES;
				CLANG_WARN_OBJC_LITERAL_CONVERSION = YES;
				CLANG_WARN_OBJC_ROOT_CLASS = YES_ERROR;
				CLANG_WARN_QUOTED_INCLUDE_IN_FRAMEWORK_HEADER = YES;
				CLANG_WARN_RANGE_LOOP_ANALYSIS = YES;
				CLANG_WARN_STRICT_PROTOTYPES = YES;
				CLANG_WARN_SUSPICIOUS_MOVE = YES;
				CLANG_WARN_UNGUARDED_AVAILABILITY = YES_AGGRESSIVE;
				CLANG_WARN_UNREACHABLE_CODE = YES;
				CLANG_WARN__DUPLICATE_METHOD_MATCH = YES;
				COPY_PHASE_STRIP = NO;
				DEBUG_INFORMATION_FORMAT = dwarf;
				ENABLE_STRICT_OBJC_MSGSEND = YES;
				ENABLE_TESTABILITY = YES;
				ENABLE_USER_SCRIPT_SANDBOXING = YES;
				GCC_C_LANGUAGE_STANDARD = gnu17;
				GCC_DYNAMIC_NO_PIC = NO;
				GCC_NO_COMMON_BLOCKS = YES;
				GCC_OPTIMIZATION_LEVEL = 0;
				GCC_PREPROCESSOR_DEFINITIONS = (
					"DEBUG=1",
					"$(inherited)",
				);
				GCC_WARN_64_TO_32_BIT_CONVERSION = YES;
				GCC_WARN_ABOUT_RETURN_TYPE = YES_ERROR;
				GCC_WARN_UNDECLARED_SELECTOR = YES;
				GCC_WARN_UNINITIALIZED_AUTOS = YES_AGGRESSIVE;
				GCC_WARN_UNUSED_FUNCTION = YES;
				GCC_WARN_UNUSED_VARIABLE = YES;
				IPHONEOS_DEPLOYMENT_TARGET = 17.0;
				LOCALIZATION_PREFERS_STRING_CATALOGS = YES;
				MTL_ENABLE_DEBUG_INFO = INCLUDE_SOURCE;
				MTL_FAST_MATH = YES;
				ONLY_ACTIVE_ARCH = YES;
				SDKROOT = iphoneos;
				SWIFT_ACTIVE_COMPILATION_CONDITIONS = "DEBUG $(inherited)";
				SWIFT_OPTIMIZATION_LEVEL = "-Onone";
			};
			name = Debug;
		};
		F21411592B007CCE003090FB /* Release */ = {
			isa = XCBuildConfiguration;
			buildSettings = {
				ALWAYS_SEARCH_USER_PATHS = NO;
				ASSETCATALOG_COMPILER_GENERATE_SWIFT_ASSET_SYMBOL_EXTENSIONS = YES;
				CLANG_ANALYZER_NONNULL = YES;
				CLANG_ANALYZER_NUMBER_OBJECT_CONVERSION = YES_AGGRESSIVE;
				CLANG_CXX_LANGUAGE_STANDARD = "gnu++20";
				CLANG_ENABLE_MODULES = YES;
				CLANG_ENABLE_OBJC_ARC = YES;
				CLANG_ENABLE_OBJC_WEAK = YES;
				CLANG_WARN_BLOCK_CAPTURE_AUTORELEASING = YES;
				CLANG_WARN_BOOL_CONVERSION = YES;
				CLANG_WARN_COMMA = YES;
				CLANG_WARN_CONSTANT_CONVERSION = YES;
				CLANG_WARN_DEPRECATED_OBJC_IMPLEMENTATIONS = YES;
				CLANG_WARN_DIRECT_OBJC_ISA_USAGE = YES_ERROR;
				CLANG_WARN_DOCUMENTATION_COMMENTS = YES;
				CLANG_WARN_EMPTY_BODY = YES;
				CLANG_WARN_ENUM_CONVERSION = YES;
				CLANG_WARN_INFINITE_RECURSION = YES;
				CLANG_WARN_INT_CONVERSION = YES;
				CLANG_WARN_NON_LITERAL_NULL_CONVERSION = YES;
				CLANG_WARN_OBJC_IMPLICIT_RETAIN_SELF = YES;
				CLANG_WARN_OBJC_LITERAL_CONVERSION = YES;
				CLANG_WARN_OBJC_ROOT_CLASS = YES_ERROR;
				CLANG_WARN_QUOTED_INCLUDE_IN_FRAMEWORK_HEADER = YES;
				CLANG_WARN_RANGE_LOOP_ANALYSIS = YES;
				CLANG_WARN_STRICT_PROTOTYPES = YES;
				CLANG_WARN_SUSPICIOUS_MOVE = YES;
				CLANG_WARN_UNGUARDED_AVAILABILITY = YES_AGGRESSIVE;
				CLANG_WARN_UNREACHABLE_CODE = YES;
				CLANG_WARN__DUPLICATE_METHOD_MATCH = YES;
				COPY_PHASE_STRIP = NO;
				DEBUG_INFORMATION_FORMAT = "dwarf-with-dsym";
				ENABLE_NS_ASSERTIONS = NO;
				ENABLE_STRICT_OBJC_MSGSEND = YES;
				ENABLE_USER_SCRIPT_SANDBOXING = YES;
				GCC_C_LANGUAGE_STANDARD = gnu17;
				GCC_NO_COMMON_BLOCKS = YES;
				GCC_WARN_64_TO_32_BIT_CONVERSION = YES;
				GCC_WARN_ABOUT_RETURN_TYPE = YES_ERROR;
				GCC_WARN_UNDECLARED_SELECTOR = YES;
				GCC_WARN_UNINITIALIZED_AUTOS = YES_AGGRESSIVE;
				GCC_WARN_UNUSED_FUNCTION = YES;
				GCC_WARN_UNUSED_VARIABLE = YES;
				IPHONEOS_DEPLOYMENT_TARGET = 17.0;
				LOCALIZATION_PREFERS_STRING_CATALOGS = YES;
				MTL_ENABLE_DEBUG_INFO = NO;
				MTL_FAST_MATH = YES;
				SDKROOT = iphoneos;
				SWIFT_COMPILATION_MODE = wholemodule;
				VALIDATE_PRODUCT = YES;
			};
			name = Release;
		};
		F214115B2B007CCE003090FB /* Debug */ = {
			isa = XCBuildConfiguration;
			buildSettings = {
				ASSETCATALOG_COMPILER_APPICON_NAME = AppIcon;
				ASSETCATALOG_COMPILER_GLOBAL_ACCENT_COLOR_NAME = AccentColor;
				CODE_SIGN_IDENTITY = "Apple Development";
				CODE_SIGN_STYLE = Automatic;
				CURRENT_PROJECT_VERSION = 1;
				DEVELOPMENT_ASSET_PATHS = "\"Spotted/Preview Content\"";
				DEVELOPMENT_TEAM = ZXSUZ55397;
				ENABLE_PREVIEWS = YES;
				GENERATE_INFOPLIST_FILE = YES;
				INFOPLIST_FILE = Spotted/Info.plist;
				INFOPLIST_KEY_NSLocationAlwaysAndWhenInUseUsageDescription = "App \"Spotted\" wants to access foreground location to present interactive functionalities using locations";
				INFOPLIST_KEY_NSLocationWhenInUseUsageDescription = "App \"Spotted\" wants to access foreground location to present interactive functionalities using locations";
				INFOPLIST_KEY_UIApplicationSceneManifest_Generation = YES;
				INFOPLIST_KEY_UIApplicationSupportsIndirectInputEvents = YES;
				INFOPLIST_KEY_UILaunchScreen_Generation = YES;
				INFOPLIST_KEY_UISupportedInterfaceOrientations_iPad = "UIInterfaceOrientationPortrait UIInterfaceOrientationPortraitUpsideDown UIInterfaceOrientationLandscapeLeft UIInterfaceOrientationLandscapeRight";
				INFOPLIST_KEY_UISupportedInterfaceOrientations_iPhone = "UIInterfaceOrientationPortrait UIInterfaceOrientationLandscapeLeft UIInterfaceOrientationLandscapeRight";
				LD_RUNPATH_SEARCH_PATHS = (
					"$(inherited)",
					"@executable_path/Frameworks",
				);
				MARKETING_VERSION = 1.0;
				PRODUCT_BUNDLE_IDENTIFIER = "com.mw.Spotted-deployable";
				PRODUCT_NAME = "$(TARGET_NAME)";
				PROVISIONING_PROFILE_SPECIFIER = "";
				SWIFT_EMIT_LOC_STRINGS = YES;
				SWIFT_VERSION = 5.0;
				TARGETED_DEVICE_FAMILY = "1,2";
			};
			name = Debug;
		};
		F214115C2B007CCE003090FB /* Release */ = {
			isa = XCBuildConfiguration;
			buildSettings = {
				ASSETCATALOG_COMPILER_APPICON_NAME = AppIcon;
				ASSETCATALOG_COMPILER_GLOBAL_ACCENT_COLOR_NAME = AccentColor;
				CODE_SIGN_IDENTITY = "Apple Development";
				CODE_SIGN_STYLE = Automatic;
				CURRENT_PROJECT_VERSION = 1;
				DEVELOPMENT_ASSET_PATHS = "\"Spotted/Preview Content\"";
				DEVELOPMENT_TEAM = M46W996KF7;
				ENABLE_PREVIEWS = YES;
				GENERATE_INFOPLIST_FILE = YES;
				INFOPLIST_FILE = Spotted/Info.plist;
				INFOPLIST_KEY_NSLocationAlwaysAndWhenInUseUsageDescription = "App \"Spotted\" wants to access foreground location to present interactive functionalities using locations";
				INFOPLIST_KEY_NSLocationWhenInUseUsageDescription = "App \"Spotted\" wants to access foreground location to present interactive functionalities using locations";
				INFOPLIST_KEY_UIApplicationSceneManifest_Generation = YES;
				INFOPLIST_KEY_UIApplicationSupportsIndirectInputEvents = YES;
				INFOPLIST_KEY_UILaunchScreen_Generation = YES;
				INFOPLIST_KEY_UISupportedInterfaceOrientations_iPad = "UIInterfaceOrientationPortrait UIInterfaceOrientationPortraitUpsideDown UIInterfaceOrientationLandscapeLeft UIInterfaceOrientationLandscapeRight";
				INFOPLIST_KEY_UISupportedInterfaceOrientations_iPhone = "UIInterfaceOrientationPortrait UIInterfaceOrientationLandscapeLeft UIInterfaceOrientationLandscapeRight";
				LD_RUNPATH_SEARCH_PATHS = (
					"$(inherited)",
					"@executable_path/Frameworks",
				);
				MARKETING_VERSION = 1.0;
				PRODUCT_BUNDLE_IDENTIFIER = "com.mw.Spotted-deployable";
				PRODUCT_NAME = "$(TARGET_NAME)";
				PROVISIONING_PROFILE_SPECIFIER = "";
				SWIFT_EMIT_LOC_STRINGS = YES;
				SWIFT_VERSION = 5.0;
				TARGETED_DEVICE_FAMILY = "1,2";
			};
			name = Release;
		};
/* End XCBuildConfiguration section */

/* Begin XCConfigurationList section */
		F21411472B007CC9003090FB /* Build configuration list for PBXProject "Spotted" */ = {
			isa = XCConfigurationList;
			buildConfigurations = (
				F21411582B007CCE003090FB /* Debug */,
				F21411592B007CCE003090FB /* Release */,
			);
			defaultConfigurationIsVisible = 0;
			defaultConfigurationName = Release;
		};
		F214115A2B007CCE003090FB /* Build configuration list for PBXNativeTarget "Spotted" */ = {
			isa = XCConfigurationList;
			buildConfigurations = (
				F214115B2B007CCE003090FB /* Debug */,
				F214115C2B007CCE003090FB /* Release */,
			);
			defaultConfigurationIsVisible = 0;
			defaultConfigurationName = Release;
		};
/* End XCConfigurationList section */

/* Begin XCRemoteSwiftPackageReference section */
		F844574C2B0537F200CEA86F /* XCRemoteSwiftPackageReference "firebase-ios-sdk" */ = {
			isa = XCRemoteSwiftPackageReference;
			repositoryURL = "https://github.com/firebase/firebase-ios-sdk";
			requirement = {
				kind = upToNextMajorVersion;
				minimumVersion = 10.18.0;
			};
		};
/* End XCRemoteSwiftPackageReference section */

/* Begin XCSwiftPackageProductDependency section */
		F844574D2B0537F200CEA86F /* FirebaseAnalytics */ = {
			isa = XCSwiftPackageProductDependency;
			package = F844574C2B0537F200CEA86F /* XCRemoteSwiftPackageReference "firebase-ios-sdk" */;
			productName = FirebaseAnalytics;
		};
		F844574F2B0537F200CEA86F /* FirebaseAnalyticsOnDeviceConversion */ = {
			isa = XCSwiftPackageProductDependency;
			package = F844574C2B0537F200CEA86F /* XCRemoteSwiftPackageReference "firebase-ios-sdk" */;
			productName = FirebaseAnalyticsOnDeviceConversion;
		};
		F84457512B0537F200CEA86F /* FirebaseAnalyticsSwift */ = {
			isa = XCSwiftPackageProductDependency;
			package = F844574C2B0537F200CEA86F /* XCRemoteSwiftPackageReference "firebase-ios-sdk" */;
			productName = FirebaseAnalyticsSwift;
		};
		F84457532B0537F200CEA86F /* FirebaseAnalyticsWithoutAdIdSupport */ = {
			isa = XCSwiftPackageProductDependency;
			package = F844574C2B0537F200CEA86F /* XCRemoteSwiftPackageReference "firebase-ios-sdk" */;
			productName = FirebaseAnalyticsWithoutAdIdSupport;
		};
		F84457552B0537F200CEA86F /* FirebaseAppCheck */ = {
			isa = XCSwiftPackageProductDependency;
			package = F844574C2B0537F200CEA86F /* XCRemoteSwiftPackageReference "firebase-ios-sdk" */;
			productName = FirebaseAppCheck;
		};
		F84457572B0537F200CEA86F /* FirebaseAppDistribution-Beta */ = {
			isa = XCSwiftPackageProductDependency;
			package = F844574C2B0537F200CEA86F /* XCRemoteSwiftPackageReference "firebase-ios-sdk" */;
			productName = "FirebaseAppDistribution-Beta";
		};
		F84457592B0537F200CEA86F /* FirebaseAuth */ = {
			isa = XCSwiftPackageProductDependency;
			package = F844574C2B0537F200CEA86F /* XCRemoteSwiftPackageReference "firebase-ios-sdk" */;
			productName = FirebaseAuth;
		};
		F844575B2B0537F200CEA86F /* FirebaseAuthCombine-Community */ = {
			isa = XCSwiftPackageProductDependency;
			package = F844574C2B0537F200CEA86F /* XCRemoteSwiftPackageReference "firebase-ios-sdk" */;
			productName = "FirebaseAuthCombine-Community";
		};
		F844575D2B0537F200CEA86F /* FirebaseCrashlytics */ = {
			isa = XCSwiftPackageProductDependency;
			package = F844574C2B0537F200CEA86F /* XCRemoteSwiftPackageReference "firebase-ios-sdk" */;
			productName = FirebaseCrashlytics;
		};
		F844575F2B0537F200CEA86F /* FirebaseDatabase */ = {
			isa = XCSwiftPackageProductDependency;
			package = F844574C2B0537F200CEA86F /* XCRemoteSwiftPackageReference "firebase-ios-sdk" */;
			productName = FirebaseDatabase;
		};
		F84457612B0537F200CEA86F /* FirebaseDatabaseSwift */ = {
			isa = XCSwiftPackageProductDependency;
			package = F844574C2B0537F200CEA86F /* XCRemoteSwiftPackageReference "firebase-ios-sdk" */;
			productName = FirebaseDatabaseSwift;
		};
		F84457632B0537F200CEA86F /* FirebaseDynamicLinks */ = {
			isa = XCSwiftPackageProductDependency;
			package = F844574C2B0537F200CEA86F /* XCRemoteSwiftPackageReference "firebase-ios-sdk" */;
			productName = FirebaseDynamicLinks;
		};
		F84457652B0537F200CEA86F /* FirebaseFirestore */ = {
			isa = XCSwiftPackageProductDependency;
			package = F844574C2B0537F200CEA86F /* XCRemoteSwiftPackageReference "firebase-ios-sdk" */;
			productName = FirebaseFirestore;
		};
		F84457672B0537F200CEA86F /* FirebaseFirestoreCombine-Community */ = {
			isa = XCSwiftPackageProductDependency;
			package = F844574C2B0537F200CEA86F /* XCRemoteSwiftPackageReference "firebase-ios-sdk" */;
			productName = "FirebaseFirestoreCombine-Community";
		};
		F84457692B0537F200CEA86F /* FirebaseFirestoreSwift */ = {
			isa = XCSwiftPackageProductDependency;
			package = F844574C2B0537F200CEA86F /* XCRemoteSwiftPackageReference "firebase-ios-sdk" */;
			productName = FirebaseFirestoreSwift;
		};
		F844576B2B0537F200CEA86F /* FirebaseFunctions */ = {
			isa = XCSwiftPackageProductDependency;
			package = F844574C2B0537F200CEA86F /* XCRemoteSwiftPackageReference "firebase-ios-sdk" */;
			productName = FirebaseFunctions;
		};
		F844576D2B0537F200CEA86F /* FirebaseFunctionsCombine-Community */ = {
			isa = XCSwiftPackageProductDependency;
			package = F844574C2B0537F200CEA86F /* XCRemoteSwiftPackageReference "firebase-ios-sdk" */;
			productName = "FirebaseFunctionsCombine-Community";
		};
		F844576F2B0537F200CEA86F /* FirebaseInAppMessaging-Beta */ = {
			isa = XCSwiftPackageProductDependency;
			package = F844574C2B0537F200CEA86F /* XCRemoteSwiftPackageReference "firebase-ios-sdk" */;
			productName = "FirebaseInAppMessaging-Beta";
		};
		F84457712B0537F200CEA86F /* FirebaseInAppMessagingSwift-Beta */ = {
			isa = XCSwiftPackageProductDependency;
			package = F844574C2B0537F200CEA86F /* XCRemoteSwiftPackageReference "firebase-ios-sdk" */;
			productName = "FirebaseInAppMessagingSwift-Beta";
		};
		F84457732B0537F200CEA86F /* FirebaseInstallations */ = {
			isa = XCSwiftPackageProductDependency;
			package = F844574C2B0537F200CEA86F /* XCRemoteSwiftPackageReference "firebase-ios-sdk" */;
			productName = FirebaseInstallations;
		};
		F84457752B0537F200CEA86F /* FirebaseMLModelDownloader */ = {
			isa = XCSwiftPackageProductDependency;
			package = F844574C2B0537F200CEA86F /* XCRemoteSwiftPackageReference "firebase-ios-sdk" */;
			productName = FirebaseMLModelDownloader;
		};
		F84457772B0537F200CEA86F /* FirebaseMessaging */ = {
			isa = XCSwiftPackageProductDependency;
			package = F844574C2B0537F200CEA86F /* XCRemoteSwiftPackageReference "firebase-ios-sdk" */;
			productName = FirebaseMessaging;
		};
		F84457792B0537F200CEA86F /* FirebasePerformance */ = {
			isa = XCSwiftPackageProductDependency;
			package = F844574C2B0537F200CEA86F /* XCRemoteSwiftPackageReference "firebase-ios-sdk" */;
			productName = FirebasePerformance;
		};
		F844577B2B0537F200CEA86F /* FirebaseRemoteConfig */ = {
			isa = XCSwiftPackageProductDependency;
			package = F844574C2B0537F200CEA86F /* XCRemoteSwiftPackageReference "firebase-ios-sdk" */;
			productName = FirebaseRemoteConfig;
		};
		F844577D2B0537F200CEA86F /* FirebaseRemoteConfigSwift */ = {
			isa = XCSwiftPackageProductDependency;
			package = F844574C2B0537F200CEA86F /* XCRemoteSwiftPackageReference "firebase-ios-sdk" */;
			productName = FirebaseRemoteConfigSwift;
		};
		F844577F2B0537F200CEA86F /* FirebaseStorage */ = {
			isa = XCSwiftPackageProductDependency;
			package = F844574C2B0537F200CEA86F /* XCRemoteSwiftPackageReference "firebase-ios-sdk" */;
			productName = FirebaseStorage;
		};
		F84457812B0537F200CEA86F /* FirebaseStorageCombine-Community */ = {
			isa = XCSwiftPackageProductDependency;
			package = F844574C2B0537F200CEA86F /* XCRemoteSwiftPackageReference "firebase-ios-sdk" */;
			productName = "FirebaseStorageCombine-Community";
		};
/* End XCSwiftPackageProductDependency section */
	};
	rootObject = F21411442B007CC9003090FB /* Project object */;
}
