// !$*UTF8*$!
{
	archiveVersion = 1;
	classes = {
	};
	objectVersion = 56;
	objects = {

/* Begin PBXBuildFile section */
		F21411502B007CC9003090FB /* SpottedApp.swift in Sources */ = {isa = PBXBuildFile; fileRef = F214114F2B007CC9003090FB /* SpottedApp.swift */; };
		F21411522B007CC9003090FB /* ContentView.swift in Sources */ = {isa = PBXBuildFile; fileRef = F21411512B007CC9003090FB /* ContentView.swift */; };
		F21411542B007CCE003090FB /* Assets.xcassets in Resources */ = {isa = PBXBuildFile; fileRef = F21411532B007CCE003090FB /* Assets.xcassets */; };
		F21411572B007CCE003090FB /* Preview Assets.xcassets in Resources */ = {isa = PBXBuildFile; fileRef = F21411562B007CCE003090FB /* Preview Assets.xcassets */; };
		F225CA5E2B0534A200796623 /* FirebaseAnalytics in Frameworks */ = {isa = PBXBuildFile; productRef = F225CA5D2B0534A200796623 /* FirebaseAnalytics */; };
		F225CA602B0534A200796623 /* FirebaseAnalyticsOnDeviceConversion in Frameworks */ = {isa = PBXBuildFile; productRef = F225CA5F2B0534A200796623 /* FirebaseAnalyticsOnDeviceConversion */; };
		F225CA622B0534A200796623 /* FirebaseAnalyticsSwift in Frameworks */ = {isa = PBXBuildFile; productRef = F225CA612B0534A200796623 /* FirebaseAnalyticsSwift */; };
		F225CA642B0534A200796623 /* FirebaseAnalyticsWithoutAdIdSupport in Frameworks */ = {isa = PBXBuildFile; productRef = F225CA632B0534A200796623 /* FirebaseAnalyticsWithoutAdIdSupport */; };
		F225CA662B0534A200796623 /* FirebaseAppCheck in Frameworks */ = {isa = PBXBuildFile; productRef = F225CA652B0534A200796623 /* FirebaseAppCheck */; };
		F225CA682B0534A200796623 /* FirebaseAppDistribution-Beta in Frameworks */ = {isa = PBXBuildFile; productRef = F225CA672B0534A200796623 /* FirebaseAppDistribution-Beta */; };
		F225CA6A2B0534A200796623 /* FirebaseAuth in Frameworks */ = {isa = PBXBuildFile; productRef = F225CA692B0534A200796623 /* FirebaseAuth */; };
		F225CA6C2B0534A200796623 /* FirebaseAuthCombine-Community in Frameworks */ = {isa = PBXBuildFile; productRef = F225CA6B2B0534A200796623 /* FirebaseAuthCombine-Community */; };
		F225CA6E2B0534A200796623 /* FirebaseCrashlytics in Frameworks */ = {isa = PBXBuildFile; productRef = F225CA6D2B0534A200796623 /* FirebaseCrashlytics */; };
		F225CA702B0534A200796623 /* FirebaseDatabase in Frameworks */ = {isa = PBXBuildFile; productRef = F225CA6F2B0534A200796623 /* FirebaseDatabase */; };
		F225CA722B0534A200796623 /* FirebaseDatabaseSwift in Frameworks */ = {isa = PBXBuildFile; productRef = F225CA712B0534A200796623 /* FirebaseDatabaseSwift */; };
		F225CA742B0534A200796623 /* FirebaseDynamicLinks in Frameworks */ = {isa = PBXBuildFile; productRef = F225CA732B0534A200796623 /* FirebaseDynamicLinks */; };
		F225CA762B0534A200796623 /* FirebaseFirestore in Frameworks */ = {isa = PBXBuildFile; productRef = F225CA752B0534A200796623 /* FirebaseFirestore */; };
		F225CA782B0534A200796623 /* FirebaseFirestoreCombine-Community in Frameworks */ = {isa = PBXBuildFile; productRef = F225CA772B0534A200796623 /* FirebaseFirestoreCombine-Community */; };
		F225CA7A2B0534A200796623 /* FirebaseFirestoreSwift in Frameworks */ = {isa = PBXBuildFile; productRef = F225CA792B0534A200796623 /* FirebaseFirestoreSwift */; };
		F225CA7C2B0534A200796623 /* FirebaseFunctions in Frameworks */ = {isa = PBXBuildFile; productRef = F225CA7B2B0534A200796623 /* FirebaseFunctions */; };
		F225CA7E2B0534A200796623 /* FirebaseFunctionsCombine-Community in Frameworks */ = {isa = PBXBuildFile; productRef = F225CA7D2B0534A200796623 /* FirebaseFunctionsCombine-Community */; };
		F225CA802B0534A200796623 /* FirebaseInAppMessaging-Beta in Frameworks */ = {isa = PBXBuildFile; productRef = F225CA7F2B0534A200796623 /* FirebaseInAppMessaging-Beta */; };
		F225CA822B0534A200796623 /* FirebaseInAppMessagingSwift-Beta in Frameworks */ = {isa = PBXBuildFile; productRef = F225CA812B0534A200796623 /* FirebaseInAppMessagingSwift-Beta */; };
		F225CA842B0534A200796623 /* FirebaseInstallations in Frameworks */ = {isa = PBXBuildFile; productRef = F225CA832B0534A200796623 /* FirebaseInstallations */; };
		F225CA862B0534A200796623 /* FirebaseMLModelDownloader in Frameworks */ = {isa = PBXBuildFile; productRef = F225CA852B0534A200796623 /* FirebaseMLModelDownloader */; };
		F225CA882B0534A200796623 /* FirebaseMessaging in Frameworks */ = {isa = PBXBuildFile; productRef = F225CA872B0534A200796623 /* FirebaseMessaging */; };
		F225CA8A2B0534A200796623 /* FirebasePerformance in Frameworks */ = {isa = PBXBuildFile; productRef = F225CA892B0534A200796623 /* FirebasePerformance */; };
		F225CA8C2B0534A200796623 /* FirebaseRemoteConfig in Frameworks */ = {isa = PBXBuildFile; productRef = F225CA8B2B0534A200796623 /* FirebaseRemoteConfig */; };
		F225CA8E2B0534A200796623 /* FirebaseRemoteConfigSwift in Frameworks */ = {isa = PBXBuildFile; productRef = F225CA8D2B0534A200796623 /* FirebaseRemoteConfigSwift */; };
		F225CA902B0534A200796623 /* FirebaseStorage in Frameworks */ = {isa = PBXBuildFile; productRef = F225CA8F2B0534A200796623 /* FirebaseStorage */; };
		F225CA922B0534A200796623 /* FirebaseStorageCombine-Community in Frameworks */ = {isa = PBXBuildFile; productRef = F225CA912B0534A200796623 /* FirebaseStorageCombine-Community */; };
		F225CA942B05362600796623 /* GoogleService-Info.plist in Resources */ = {isa = PBXBuildFile; fileRef = F225CA932B05362600796623 /* GoogleService-Info.plist */; };
/* End PBXBuildFile section */

/* Begin PBXFileReference section */
		F214114C2B007CC9003090FB /* Spotted.app */ = {isa = PBXFileReference; explicitFileType = wrapper.application; includeInIndex = 0; path = Spotted.app; sourceTree = BUILT_PRODUCTS_DIR; };
		F214114F2B007CC9003090FB /* SpottedApp.swift */ = {isa = PBXFileReference; lastKnownFileType = sourcecode.swift; path = SpottedApp.swift; sourceTree = "<group>"; };
		F21411512B007CC9003090FB /* ContentView.swift */ = {isa = PBXFileReference; lastKnownFileType = sourcecode.swift; path = ContentView.swift; sourceTree = "<group>"; };
		F21411532B007CCE003090FB /* Assets.xcassets */ = {isa = PBXFileReference; lastKnownFileType = folder.assetcatalog; path = Assets.xcassets; sourceTree = "<group>"; };
		F21411562B007CCE003090FB /* Preview Assets.xcassets */ = {isa = PBXFileReference; lastKnownFileType = folder.assetcatalog; path = "Preview Assets.xcassets"; sourceTree = "<group>"; };
		F225CA932B05362600796623 /* GoogleService-Info.plist */ = {isa = PBXFileReference; fileEncoding = 4; lastKnownFileType = text.plist.xml; path = "GoogleService-Info.plist"; sourceTree = "<group>"; };
/* End PBXFileReference section */

/* Begin PBXFrameworksBuildPhase section */
		F21411492B007CC9003090FB /* Frameworks */ = {
			isa = PBXFrameworksBuildPhase;
			buildActionMask = 2147483647;
			files = (
				F225CA702B0534A200796623 /* FirebaseDatabase in Frameworks */,
				F225CA7E2B0534A200796623 /* FirebaseFunctionsCombine-Community in Frameworks */,
				F225CA762B0534A200796623 /* FirebaseFirestore in Frameworks */,
				F225CA622B0534A200796623 /* FirebaseAnalyticsSwift in Frameworks */,
				F225CA5E2B0534A200796623 /* FirebaseAnalytics in Frameworks */,
				F225CA602B0534A200796623 /* FirebaseAnalyticsOnDeviceConversion in Frameworks */,
				F225CA862B0534A200796623 /* FirebaseMLModelDownloader in Frameworks */,
				F225CA7A2B0534A200796623 /* FirebaseFirestoreSwift in Frameworks */,
				F225CA662B0534A200796623 /* FirebaseAppCheck in Frameworks */,
				F225CA642B0534A200796623 /* FirebaseAnalyticsWithoutAdIdSupport in Frameworks */,
				F225CA6A2B0534A200796623 /* FirebaseAuth in Frameworks */,
				F225CA6E2B0534A200796623 /* FirebaseCrashlytics in Frameworks */,
				F225CA8E2B0534A200796623 /* FirebaseRemoteConfigSwift in Frameworks */,
				F225CA802B0534A200796623 /* FirebaseInAppMessaging-Beta in Frameworks */,
				F225CA722B0534A200796623 /* FirebaseDatabaseSwift in Frameworks */,
				F225CA7C2B0534A200796623 /* FirebaseFunctions in Frameworks */,
				F225CA922B0534A200796623 /* FirebaseStorageCombine-Community in Frameworks */,
				F225CA8C2B0534A200796623 /* FirebaseRemoteConfig in Frameworks */,
				F225CA682B0534A200796623 /* FirebaseAppDistribution-Beta in Frameworks */,
				F225CA6C2B0534A200796623 /* FirebaseAuthCombine-Community in Frameworks */,
				F225CA8A2B0534A200796623 /* FirebasePerformance in Frameworks */,
				F225CA822B0534A200796623 /* FirebaseInAppMessagingSwift-Beta in Frameworks */,
				F225CA902B0534A200796623 /* FirebaseStorage in Frameworks */,
				F225CA742B0534A200796623 /* FirebaseDynamicLinks in Frameworks */,
				F225CA782B0534A200796623 /* FirebaseFirestoreCombine-Community in Frameworks */,
				F225CA882B0534A200796623 /* FirebaseMessaging in Frameworks */,
				F225CA842B0534A200796623 /* FirebaseInstallations in Frameworks */,
			);
			runOnlyForDeploymentPostprocessing = 0;
		};
/* End PBXFrameworksBuildPhase section */

/* Begin PBXGroup section */
		F21411432B007CC9003090FB = {
			isa = PBXGroup;
			children = (
				F214114E2B007CC9003090FB /* Spotted */,
				F214114D2B007CC9003090FB /* Products */,
			);
			sourceTree = "<group>";
		};
		F214114D2B007CC9003090FB /* Products */ = {
			isa = PBXGroup;
			children = (
				F214114C2B007CC9003090FB /* Spotted.app */,
			);
			name = Products;
			sourceTree = "<group>";
		};
		F214114E2B007CC9003090FB /* Spotted */ = {
			isa = PBXGroup;
			children = (
				F214114F2B007CC9003090FB /* SpottedApp.swift */,
				F21411512B007CC9003090FB /* ContentView.swift */,
				F225CA932B05362600796623 /* GoogleService-Info.plist */,
				F21411532B007CCE003090FB /* Assets.xcassets */,
				F21411552B007CCE003090FB /* Preview Content */,
			);
			path = Spotted;
			sourceTree = "<group>";
		};
		F21411552B007CCE003090FB /* Preview Content */ = {
			isa = PBXGroup;
			children = (
				F21411562B007CCE003090FB /* Preview Assets.xcassets */,
			);
			path = "Preview Content";
			sourceTree = "<group>";
		};
/* End PBXGroup section */

/* Begin PBXNativeTarget section */
		F214114B2B007CC9003090FB /* Spotted */ = {
			isa = PBXNativeTarget;
			buildConfigurationList = F214115A2B007CCE003090FB /* Build configuration list for PBXNativeTarget "Spotted" */;
			buildPhases = (
				F21411482B007CC9003090FB /* Sources */,
				F21411492B007CC9003090FB /* Frameworks */,
				F214114A2B007CC9003090FB /* Resources */,
			);
			buildRules = (
			);
			dependencies = (
			);
			name = Spotted;
			packageProductDependencies = (
				F225CA5D2B0534A200796623 /* FirebaseAnalytics */,
				F225CA5F2B0534A200796623 /* FirebaseAnalyticsOnDeviceConversion */,
				F225CA612B0534A200796623 /* FirebaseAnalyticsSwift */,
				F225CA632B0534A200796623 /* FirebaseAnalyticsWithoutAdIdSupport */,
				F225CA652B0534A200796623 /* FirebaseAppCheck */,
				F225CA672B0534A200796623 /* FirebaseAppDistribution-Beta */,
				F225CA692B0534A200796623 /* FirebaseAuth */,
				F225CA6B2B0534A200796623 /* FirebaseAuthCombine-Community */,
				F225CA6D2B0534A200796623 /* FirebaseCrashlytics */,
				F225CA6F2B0534A200796623 /* FirebaseDatabase */,
				F225CA712B0534A200796623 /* FirebaseDatabaseSwift */,
				F225CA732B0534A200796623 /* FirebaseDynamicLinks */,
				F225CA752B0534A200796623 /* FirebaseFirestore */,
				F225CA772B0534A200796623 /* FirebaseFirestoreCombine-Community */,
				F225CA792B0534A200796623 /* FirebaseFirestoreSwift */,
				F225CA7B2B0534A200796623 /* FirebaseFunctions */,
				F225CA7D2B0534A200796623 /* FirebaseFunctionsCombine-Community */,
				F225CA7F2B0534A200796623 /* FirebaseInAppMessaging-Beta */,
				F225CA812B0534A200796623 /* FirebaseInAppMessagingSwift-Beta */,
				F225CA832B0534A200796623 /* FirebaseInstallations */,
				F225CA852B0534A200796623 /* FirebaseMLModelDownloader */,
				F225CA872B0534A200796623 /* FirebaseMessaging */,
				F225CA892B0534A200796623 /* FirebasePerformance */,
				F225CA8B2B0534A200796623 /* FirebaseRemoteConfig */,
				F225CA8D2B0534A200796623 /* FirebaseRemoteConfigSwift */,
				F225CA8F2B0534A200796623 /* FirebaseStorage */,
				F225CA912B0534A200796623 /* FirebaseStorageCombine-Community */,
			);
			productName = Spotted;
			productReference = F214114C2B007CC9003090FB /* Spotted.app */;
			productType = "com.apple.product-type.application";
		};
/* End PBXNativeTarget section */

/* Begin PBXProject section */
		F21411442B007CC9003090FB /* Project object */ = {
			isa = PBXProject;
			attributes = {
				BuildIndependentTargetsInParallel = 1;
				LastSwiftUpdateCheck = 1500;
				LastUpgradeCheck = 1500;
				TargetAttributes = {
					F214114B2B007CC9003090FB = {
						CreatedOnToolsVersion = 15.0.1;
					};
				};
			};
			buildConfigurationList = F21411472B007CC9003090FB /* Build configuration list for PBXProject "Spotted" */;
			compatibilityVersion = "Xcode 14.0";
			developmentRegion = en;
			hasScannedForEncodings = 0;
			knownRegions = (
				en,
				Base,
			);
			mainGroup = F21411432B007CC9003090FB;
			packageReferences = (
				F225CA5C2B0534A200796623 /* XCRemoteSwiftPackageReference "firebase-ios-sdk" */,
			);
			productRefGroup = F214114D2B007CC9003090FB /* Products */;
			projectDirPath = "";
			projectRoot = "";
			targets = (
				F214114B2B007CC9003090FB /* Spotted */,
			);
		};
/* End PBXProject section */

/* Begin PBXResourcesBuildPhase section */
		F214114A2B007CC9003090FB /* Resources */ = {
			isa = PBXResourcesBuildPhase;
			buildActionMask = 2147483647;
			files = (
				F21411572B007CCE003090FB /* Preview Assets.xcassets in Resources */,
				F21411542B007CCE003090FB /* Assets.xcassets in Resources */,
				F225CA942B05362600796623 /* GoogleService-Info.plist in Resources */,
			);
			runOnlyForDeploymentPostprocessing = 0;
		};
/* End PBXResourcesBuildPhase section */

/* Begin PBXSourcesBuildPhase section */
		F21411482B007CC9003090FB /* Sources */ = {
			isa = PBXSourcesBuildPhase;
			buildActionMask = 2147483647;
			files = (
				F21411522B007CC9003090FB /* ContentView.swift in Sources */,
				F21411502B007CC9003090FB /* SpottedApp.swift in Sources */,
			);
			runOnlyForDeploymentPostprocessing = 0;
		};
/* End PBXSourcesBuildPhase section */

/* Begin XCBuildConfiguration section */
		F21411582B007CCE003090FB /* Debug */ = {
			isa = XCBuildConfiguration;
			buildSettings = {
				ALWAYS_SEARCH_USER_PATHS = NO;
				ASSETCATALOG_COMPILER_GENERATE_SWIFT_ASSET_SYMBOL_EXTENSIONS = YES;
				CLANG_ANALYZER_NONNULL = YES;
				CLANG_ANALYZER_NUMBER_OBJECT_CONVERSION = YES_AGGRESSIVE;
				CLANG_CXX_LANGUAGE_STANDARD = "gnu++20";
				CLANG_ENABLE_MODULES = YES;
				CLANG_ENABLE_OBJC_ARC = YES;
				CLANG_ENABLE_OBJC_WEAK = YES;
				CLANG_WARN_BLOCK_CAPTURE_AUTORELEASING = YES;
				CLANG_WARN_BOOL_CONVERSION = YES;
				CLANG_WARN_COMMA = YES;
				CLANG_WARN_CONSTANT_CONVERSION = YES;
				CLANG_WARN_DEPRECATED_OBJC_IMPLEMENTATIONS = YES;
				CLANG_WARN_DIRECT_OBJC_ISA_USAGE = YES_ERROR;
				CLANG_WARN_DOCUMENTATION_COMMENTS = YES;
				CLANG_WARN_EMPTY_BODY = YES;
				CLANG_WARN_ENUM_CONVERSION = YES;
				CLANG_WARN_INFINITE_RECURSION = YES;
				CLANG_WARN_INT_CONVERSION = YES;
				CLANG_WARN_NON_LITERAL_NULL_CONVERSION = YES;
				CLANG_WARN_OBJC_IMPLICIT_RETAIN_SELF = YES;
				CLANG_WARN_OBJC_LITERAL_CONVERSION = YES;
				CLANG_WARN_OBJC_ROOT_CLASS = YES_ERROR;
				CLANG_WARN_QUOTED_INCLUDE_IN_FRAMEWORK_HEADER = YES;
				CLANG_WARN_RANGE_LOOP_ANALYSIS = YES;
				CLANG_WARN_STRICT_PROTOTYPES = YES;
				CLANG_WARN_SUSPICIOUS_MOVE = YES;
				CLANG_WARN_UNGUARDED_AVAILABILITY = YES_AGGRESSIVE;
				CLANG_WARN_UNREACHABLE_CODE = YES;
				CLANG_WARN__DUPLICATE_METHOD_MATCH = YES;
				COPY_PHASE_STRIP = NO;
				DEBUG_INFORMATION_FORMAT = dwarf;
				ENABLE_STRICT_OBJC_MSGSEND = YES;
				ENABLE_TESTABILITY = YES;
				ENABLE_USER_SCRIPT_SANDBOXING = YES;
				GCC_C_LANGUAGE_STANDARD = gnu17;
				GCC_DYNAMIC_NO_PIC = NO;
				GCC_NO_COMMON_BLOCKS = YES;
				GCC_OPTIMIZATION_LEVEL = 0;
				GCC_PREPROCESSOR_DEFINITIONS = (
					"DEBUG=1",
					"$(inherited)",
				);
				GCC_WARN_64_TO_32_BIT_CONVERSION = YES;
				GCC_WARN_ABOUT_RETURN_TYPE = YES_ERROR;
				GCC_WARN_UNDECLARED_SELECTOR = YES;
				GCC_WARN_UNINITIALIZED_AUTOS = YES_AGGRESSIVE;
				GCC_WARN_UNUSED_FUNCTION = YES;
				GCC_WARN_UNUSED_VARIABLE = YES;
				IPHONEOS_DEPLOYMENT_TARGET = 17.0;
				LOCALIZATION_PREFERS_STRING_CATALOGS = YES;
				MTL_ENABLE_DEBUG_INFO = INCLUDE_SOURCE;
				MTL_FAST_MATH = YES;
				ONLY_ACTIVE_ARCH = YES;
				SDKROOT = iphoneos;
				SWIFT_ACTIVE_COMPILATION_CONDITIONS = "DEBUG $(inherited)";
				SWIFT_OPTIMIZATION_LEVEL = "-Onone";
			};
			name = Debug;
		};
		F21411592B007CCE003090FB /* Release */ = {
			isa = XCBuildConfiguration;
			buildSettings = {
				ALWAYS_SEARCH_USER_PATHS = NO;
				ASSETCATALOG_COMPILER_GENERATE_SWIFT_ASSET_SYMBOL_EXTENSIONS = YES;
				CLANG_ANALYZER_NONNULL = YES;
				CLANG_ANALYZER_NUMBER_OBJECT_CONVERSION = YES_AGGRESSIVE;
				CLANG_CXX_LANGUAGE_STANDARD = "gnu++20";
				CLANG_ENABLE_MODULES = YES;
				CLANG_ENABLE_OBJC_ARC = YES;
				CLANG_ENABLE_OBJC_WEAK = YES;
				CLANG_WARN_BLOCK_CAPTURE_AUTORELEASING = YES;
				CLANG_WARN_BOOL_CONVERSION = YES;
				CLANG_WARN_COMMA = YES;
				CLANG_WARN_CONSTANT_CONVERSION = YES;
				CLANG_WARN_DEPRECATED_OBJC_IMPLEMENTATIONS = YES;
				CLANG_WARN_DIRECT_OBJC_ISA_USAGE = YES_ERROR;
				CLANG_WARN_DOCUMENTATION_COMMENTS = YES;
				CLANG_WARN_EMPTY_BODY = YES;
				CLANG_WARN_ENUM_CONVERSION = YES;
				CLANG_WARN_INFINITE_RECURSION = YES;
				CLANG_WARN_INT_CONVERSION = YES;
				CLANG_WARN_NON_LITERAL_NULL_CONVERSION = YES;
				CLANG_WARN_OBJC_IMPLICIT_RETAIN_SELF = YES;
				CLANG_WARN_OBJC_LITERAL_CONVERSION = YES;
				CLANG_WARN_OBJC_ROOT_CLASS = YES_ERROR;
				CLANG_WARN_QUOTED_INCLUDE_IN_FRAMEWORK_HEADER = YES;
				CLANG_WARN_RANGE_LOOP_ANALYSIS = YES;
				CLANG_WARN_STRICT_PROTOTYPES = YES;
				CLANG_WARN_SUSPICIOUS_MOVE = YES;
				CLANG_WARN_UNGUARDED_AVAILABILITY = YES_AGGRESSIVE;
				CLANG_WARN_UNREACHABLE_CODE = YES;
				CLANG_WARN__DUPLICATE_METHOD_MATCH = YES;
				COPY_PHASE_STRIP = NO;
				DEBUG_INFORMATION_FORMAT = "dwarf-with-dsym";
				ENABLE_NS_ASSERTIONS = NO;
				ENABLE_STRICT_OBJC_MSGSEND = YES;
				ENABLE_USER_SCRIPT_SANDBOXING = YES;
				GCC_C_LANGUAGE_STANDARD = gnu17;
				GCC_NO_COMMON_BLOCKS = YES;
				GCC_WARN_64_TO_32_BIT_CONVERSION = YES;
				GCC_WARN_ABOUT_RETURN_TYPE = YES_ERROR;
				GCC_WARN_UNDECLARED_SELECTOR = YES;
				GCC_WARN_UNINITIALIZED_AUTOS = YES_AGGRESSIVE;
				GCC_WARN_UNUSED_FUNCTION = YES;
				GCC_WARN_UNUSED_VARIABLE = YES;
				IPHONEOS_DEPLOYMENT_TARGET = 17.0;
				LOCALIZATION_PREFERS_STRING_CATALOGS = YES;
				MTL_ENABLE_DEBUG_INFO = NO;
				MTL_FAST_MATH = YES;
				SDKROOT = iphoneos;
				SWIFT_COMPILATION_MODE = wholemodule;
				VALIDATE_PRODUCT = YES;
			};
			name = Release;
		};
		F214115B2B007CCE003090FB /* Debug */ = {
			isa = XCBuildConfiguration;
			buildSettings = {
				ASSETCATALOG_COMPILER_APPICON_NAME = AppIcon;
				ASSETCATALOG_COMPILER_GLOBAL_ACCENT_COLOR_NAME = AccentColor;
				CODE_SIGN_STYLE = Automatic;
				CURRENT_PROJECT_VERSION = 1;
				DEVELOPMENT_ASSET_PATHS = "\"Spotted/Preview Content\"";
				DEVELOPMENT_TEAM = M46W996KF7;
				ENABLE_PREVIEWS = YES;
				GENERATE_INFOPLIST_FILE = YES;
				INFOPLIST_KEY_UIApplicationSceneManifest_Generation = YES;
				INFOPLIST_KEY_UIApplicationSupportsIndirectInputEvents = YES;
				INFOPLIST_KEY_UILaunchScreen_Generation = YES;
				INFOPLIST_KEY_UISupportedInterfaceOrientations_iPad = "UIInterfaceOrientationPortrait UIInterfaceOrientationPortraitUpsideDown UIInterfaceOrientationLandscapeLeft UIInterfaceOrientationLandscapeRight";
				INFOPLIST_KEY_UISupportedInterfaceOrientations_iPhone = "UIInterfaceOrientationPortrait UIInterfaceOrientationLandscapeLeft UIInterfaceOrientationLandscapeRight";
				LD_RUNPATH_SEARCH_PATHS = (
					"$(inherited)",
					"@executable_path/Frameworks",
				);
				MARKETING_VERSION = 1.0;
				PRODUCT_BUNDLE_IDENTIFIER = com.mw.Spotted;
				PRODUCT_NAME = "$(TARGET_NAME)";
				SWIFT_EMIT_LOC_STRINGS = YES;
				SWIFT_VERSION = 5.0;
				TARGETED_DEVICE_FAMILY = "1,2";
			};
			name = Debug;
		};
		F214115C2B007CCE003090FB /* Release */ = {
			isa = XCBuildConfiguration;
			buildSettings = {
				ASSETCATALOG_COMPILER_APPICON_NAME = AppIcon;
				ASSETCATALOG_COMPILER_GLOBAL_ACCENT_COLOR_NAME = AccentColor;
				CODE_SIGN_STYLE = Automatic;
				CURRENT_PROJECT_VERSION = 1;
				DEVELOPMENT_ASSET_PATHS = "\"Spotted/Preview Content\"";
				DEVELOPMENT_TEAM = M46W996KF7;
				ENABLE_PREVIEWS = YES;
				GENERATE_INFOPLIST_FILE = YES;
				INFOPLIST_KEY_UIApplicationSceneManifest_Generation = YES;
				INFOPLIST_KEY_UIApplicationSupportsIndirectInputEvents = YES;
				INFOPLIST_KEY_UILaunchScreen_Generation = YES;
				INFOPLIST_KEY_UISupportedInterfaceOrientations_iPad = "UIInterfaceOrientationPortrait UIInterfaceOrientationPortraitUpsideDown UIInterfaceOrientationLandscapeLeft UIInterfaceOrientationLandscapeRight";
				INFOPLIST_KEY_UISupportedInterfaceOrientations_iPhone = "UIInterfaceOrientationPortrait UIInterfaceOrientationLandscapeLeft UIInterfaceOrientationLandscapeRight";
				LD_RUNPATH_SEARCH_PATHS = (
					"$(inherited)",
					"@executable_path/Frameworks",
				);
				MARKETING_VERSION = 1.0;
				PRODUCT_BUNDLE_IDENTIFIER = com.mw.Spotted;
				PRODUCT_NAME = "$(TARGET_NAME)";
				SWIFT_EMIT_LOC_STRINGS = YES;
				SWIFT_VERSION = 5.0;
				TARGETED_DEVICE_FAMILY = "1,2";
			};
			name = Release;
		};
/* End XCBuildConfiguration section */

/* Begin XCConfigurationList section */
		F21411472B007CC9003090FB /* Build configuration list for PBXProject "Spotted" */ = {
			isa = XCConfigurationList;
			buildConfigurations = (
				F21411582B007CCE003090FB /* Debug */,
				F21411592B007CCE003090FB /* Release */,
			);
			defaultConfigurationIsVisible = 0;
			defaultConfigurationName = Release;
		};
		F214115A2B007CCE003090FB /* Build configuration list for PBXNativeTarget "Spotted" */ = {
			isa = XCConfigurationList;
			buildConfigurations = (
				F214115B2B007CCE003090FB /* Debug */,
				F214115C2B007CCE003090FB /* Release */,
			);
			defaultConfigurationIsVisible = 0;
			defaultConfigurationName = Release;
		};
/* End XCConfigurationList section */

/* Begin XCRemoteSwiftPackageReference section */
		F225CA5C2B0534A200796623 /* XCRemoteSwiftPackageReference "firebase-ios-sdk" */ = {
			isa = XCRemoteSwiftPackageReference;
			repositoryURL = "https://github.com/firebase/firebase-ios-sdk";
			requirement = {
				kind = upToNextMajorVersion;
				minimumVersion = 10.18.0;
			};
		};
/* End XCRemoteSwiftPackageReference section */

/* Begin XCSwiftPackageProductDependency section */
		F225CA5D2B0534A200796623 /* FirebaseAnalytics */ = {
			isa = XCSwiftPackageProductDependency;
			package = F225CA5C2B0534A200796623 /* XCRemoteSwiftPackageReference "firebase-ios-sdk" */;
			productName = FirebaseAnalytics;
		};
		F225CA5F2B0534A200796623 /* FirebaseAnalyticsOnDeviceConversion */ = {
			isa = XCSwiftPackageProductDependency;
			package = F225CA5C2B0534A200796623 /* XCRemoteSwiftPackageReference "firebase-ios-sdk" */;
			productName = FirebaseAnalyticsOnDeviceConversion;
		};
		F225CA612B0534A200796623 /* FirebaseAnalyticsSwift */ = {
			isa = XCSwiftPackageProductDependency;
			package = F225CA5C2B0534A200796623 /* XCRemoteSwiftPackageReference "firebase-ios-sdk" */;
			productName = FirebaseAnalyticsSwift;
		};
		F225CA632B0534A200796623 /* FirebaseAnalyticsWithoutAdIdSupport */ = {
			isa = XCSwiftPackageProductDependency;
			package = F225CA5C2B0534A200796623 /* XCRemoteSwiftPackageReference "firebase-ios-sdk" */;
			productName = FirebaseAnalyticsWithoutAdIdSupport;
		};
		F225CA652B0534A200796623 /* FirebaseAppCheck */ = {
			isa = XCSwiftPackageProductDependency;
			package = F225CA5C2B0534A200796623 /* XCRemoteSwiftPackageReference "firebase-ios-sdk" */;
			productName = FirebaseAppCheck;
		};
		F225CA672B0534A200796623 /* FirebaseAppDistribution-Beta */ = {
			isa = XCSwiftPackageProductDependency;
			package = F225CA5C2B0534A200796623 /* XCRemoteSwiftPackageReference "firebase-ios-sdk" */;
			productName = "FirebaseAppDistribution-Beta";
		};
		F225CA692B0534A200796623 /* FirebaseAuth */ = {
			isa = XCSwiftPackageProductDependency;
			package = F225CA5C2B0534A200796623 /* XCRemoteSwiftPackageReference "firebase-ios-sdk" */;
			productName = FirebaseAuth;
		};
		F225CA6B2B0534A200796623 /* FirebaseAuthCombine-Community */ = {
			isa = XCSwiftPackageProductDependency;
			package = F225CA5C2B0534A200796623 /* XCRemoteSwiftPackageReference "firebase-ios-sdk" */;
			productName = "FirebaseAuthCombine-Community";
		};
		F225CA6D2B0534A200796623 /* FirebaseCrashlytics */ = {
			isa = XCSwiftPackageProductDependency;
			package = F225CA5C2B0534A200796623 /* XCRemoteSwiftPackageReference "firebase-ios-sdk" */;
			productName = FirebaseCrashlytics;
		};
		F225CA6F2B0534A200796623 /* FirebaseDatabase */ = {
			isa = XCSwiftPackageProductDependency;
			package = F225CA5C2B0534A200796623 /* XCRemoteSwiftPackageReference "firebase-ios-sdk" */;
			productName = FirebaseDatabase;
		};
		F225CA712B0534A200796623 /* FirebaseDatabaseSwift */ = {
			isa = XCSwiftPackageProductDependency;
			package = F225CA5C2B0534A200796623 /* XCRemoteSwiftPackageReference "firebase-ios-sdk" */;
			productName = FirebaseDatabaseSwift;
		};
		F225CA732B0534A200796623 /* FirebaseDynamicLinks */ = {
			isa = XCSwiftPackageProductDependency;
			package = F225CA5C2B0534A200796623 /* XCRemoteSwiftPackageReference "firebase-ios-sdk" */;
			productName = FirebaseDynamicLinks;
		};
		F225CA752B0534A200796623 /* FirebaseFirestore */ = {
			isa = XCSwiftPackageProductDependency;
			package = F225CA5C2B0534A200796623 /* XCRemoteSwiftPackageReference "firebase-ios-sdk" */;
			productName = FirebaseFirestore;
		};
		F225CA772B0534A200796623 /* FirebaseFirestoreCombine-Community */ = {
			isa = XCSwiftPackageProductDependency;
			package = F225CA5C2B0534A200796623 /* XCRemoteSwiftPackageReference "firebase-ios-sdk" */;
			productName = "FirebaseFirestoreCombine-Community";
		};
		F225CA792B0534A200796623 /* FirebaseFirestoreSwift */ = {
			isa = XCSwiftPackageProductDependency;
			package = F225CA5C2B0534A200796623 /* XCRemoteSwiftPackageReference "firebase-ios-sdk" */;
			productName = FirebaseFirestoreSwift;
		};
		F225CA7B2B0534A200796623 /* FirebaseFunctions */ = {
			isa = XCSwiftPackageProductDependency;
			package = F225CA5C2B0534A200796623 /* XCRemoteSwiftPackageReference "firebase-ios-sdk" */;
			productName = FirebaseFunctions;
		};
		F225CA7D2B0534A200796623 /* FirebaseFunctionsCombine-Community */ = {
			isa = XCSwiftPackageProductDependency;
			package = F225CA5C2B0534A200796623 /* XCRemoteSwiftPackageReference "firebase-ios-sdk" */;
			productName = "FirebaseFunctionsCombine-Community";
		};
		F225CA7F2B0534A200796623 /* FirebaseInAppMessaging-Beta */ = {
			isa = XCSwiftPackageProductDependency;
			package = F225CA5C2B0534A200796623 /* XCRemoteSwiftPackageReference "firebase-ios-sdk" */;
			productName = "FirebaseInAppMessaging-Beta";
		};
		F225CA812B0534A200796623 /* FirebaseInAppMessagingSwift-Beta */ = {
			isa = XCSwiftPackageProductDependency;
			package = F225CA5C2B0534A200796623 /* XCRemoteSwiftPackageReference "firebase-ios-sdk" */;
			productName = "FirebaseInAppMessagingSwift-Beta";
		};
		F225CA832B0534A200796623 /* FirebaseInstallations */ = {
			isa = XCSwiftPackageProductDependency;
			package = F225CA5C2B0534A200796623 /* XCRemoteSwiftPackageReference "firebase-ios-sdk" */;
			productName = FirebaseInstallations;
		};
		F225CA852B0534A200796623 /* FirebaseMLModelDownloader */ = {
			isa = XCSwiftPackageProductDependency;
			package = F225CA5C2B0534A200796623 /* XCRemoteSwiftPackageReference "firebase-ios-sdk" */;
			productName = FirebaseMLModelDownloader;
		};
		F225CA872B0534A200796623 /* FirebaseMessaging */ = {
			isa = XCSwiftPackageProductDependency;
			package = F225CA5C2B0534A200796623 /* XCRemoteSwiftPackageReference "firebase-ios-sdk" */;
			productName = FirebaseMessaging;
		};
		F225CA892B0534A200796623 /* FirebasePerformance */ = {
			isa = XCSwiftPackageProductDependency;
			package = F225CA5C2B0534A200796623 /* XCRemoteSwiftPackageReference "firebase-ios-sdk" */;
			productName = FirebasePerformance;
		};
		F225CA8B2B0534A200796623 /* FirebaseRemoteConfig */ = {
			isa = XCSwiftPackageProductDependency;
			package = F225CA5C2B0534A200796623 /* XCRemoteSwiftPackageReference "firebase-ios-sdk" */;
			productName = FirebaseRemoteConfig;
		};
		F225CA8D2B0534A200796623 /* FirebaseRemoteConfigSwift */ = {
			isa = XCSwiftPackageProductDependency;
			package = F225CA5C2B0534A200796623 /* XCRemoteSwiftPackageReference "firebase-ios-sdk" */;
			productName = FirebaseRemoteConfigSwift;
		};
		F225CA8F2B0534A200796623 /* FirebaseStorage */ = {
			isa = XCSwiftPackageProductDependency;
			package = F225CA5C2B0534A200796623 /* XCRemoteSwiftPackageReference "firebase-ios-sdk" */;
			productName = FirebaseStorage;
		};
		F225CA912B0534A200796623 /* FirebaseStorageCombine-Community */ = {
			isa = XCSwiftPackageProductDependency;
			package = F225CA5C2B0534A200796623 /* XCRemoteSwiftPackageReference "firebase-ios-sdk" */;
			productName = "FirebaseStorageCombine-Community";
		};
/* End XCSwiftPackageProductDependency section */
	};
	rootObject = F21411442B007CC9003090FB /* Project object */;
}
